
Microsoft Visual Studio Solution File, Format Version 12.00
# Visual Studio 14
VisualStudioVersion = 14.0.25420.1
MinimumVisualStudioVersion = 10.0.40219.1
Project("{FAE04EC0-301F-11D3-BF4B-00C04F79EFBC}") = "Atlant", "Atlant\Atlant.csproj", "{D141D49C-617F-42D9-A031-0ECB3D1138B3}"
EndProject
Project("{FAE04EC0-301F-11D3-BF4B-00C04F79EFBC}") = "Atlant.Bll", "Atlant.Bll\Atlant.Bll.csproj", "{E61FF891-A7A6-488A-9A87-3A401D31CFDB}"
EndProject
Project("{FAE04EC0-301F-11D3-BF4B-00C04F79EFBC}") = "Atlant.Dal", "Atlant.Dal\Atlant.Dal.csproj", "{DD43507E-4637-4879-850E-1698696AD488}"
EndProject
Project("{FAE04EC0-301F-11D3-BF4B-00C04F79EFBC}") = "Atlant.ViewModels", "Atlant.ViewModels\Atlant.ViewModels.csproj", "{FB9D37F1-8114-493F-B32C-D601FDC5C05B}"
EndProject
Project("{FAE04EC0-301F-11D3-BF4B-00C04F79EFBC}") = "Atlant.Dependency", "Atlant.Dependency\Atlant.Dependency.csproj", "{C4BBE3DA-6430-4E15-ADAE-04D7EEF26597}"
EndProject
Global
	GlobalSection(SolutionConfigurationPlatforms) = preSolution
		Debug|Any CPU = Debug|Any CPU
		Release|Any CPU = Release|Any CPU
	EndGlobalSection
	GlobalSection(ProjectConfigurationPlatforms) = postSolution
		{D141D49C-617F-42D9-A031-0ECB3D1138B3}.Debug|Any CPU.ActiveCfg = Debug|Any CPU
		{D141D49C-617F-42D9-A031-0ECB3D1138B3}.Debug|Any CPU.Build.0 = Debug|Any CPU
		{D141D49C-617F-42D9-A031-0ECB3D1138B3}.Release|Any CPU.ActiveCfg = Release|Any CPU
		{D141D49C-617F-42D9-A031-0ECB3D1138B3}.Release|Any CPU.Build.0 = Release|Any CPU
		{E61FF891-A7A6-488A-9A87-3A401D31CFDB}.Debug|Any CPU.ActiveCfg = Debug|Any CPU
		{E61FF891-A7A6-488A-9A87-3A401D31CFDB}.Debug|Any CPU.Build.0 = Debug|Any CPU
		{E61FF891-A7A6-488A-9A87-3A401D31CFDB}.Release|Any CPU.ActiveCfg = Release|Any CPU
		{E61FF891-A7A6-488A-9A87-3A401D31CFDB}.Release|Any CPU.Build.0 = Release|Any CPU
		{DD43507E-4637-4879-850E-1698696AD488}.Debug|Any CPU.ActiveCfg = Debug|Any CPU
		{DD43507E-4637-4879-850E-1698696AD488}.Debug|Any CPU.Build.0 = Debug|Any CPU
		{DD43507E-4637-4879-850E-1698696AD488}.Release|Any CPU.ActiveCfg = Release|Any CPU
		{DD43507E-4637-4879-850E-1698696AD488}.Release|Any CPU.Build.0 = Release|Any CPU
		{FB9D37F1-8114-493F-B32C-D601FDC5C05B}.Debug|Any CPU.ActiveCfg = Debug|Any CPU
		{FB9D37F1-8114-493F-B32C-D601FDC5C05B}.Debug|Any CPU.Build.0 = Debug|Any CPU
		{FB9D37F1-8114-493F-B32C-D601FDC5C05B}.Release|Any CPU.ActiveCfg = Release|Any CPU
		{FB9D37F1-8114-493F-B32C-D601FDC5C05B}.Release|Any CPU.Build.0 = Release|Any CPU
		{C4BBE3DA-6430-4E15-ADAE-04D7EEF26597}.Debug|Any CPU.ActiveCfg = Debug|Any CPU
		{C4BBE3DA-6430-4E15-ADAE-04D7EEF26597}.Debug|Any CPU.Build.0 = Debug|Any CPU
		{C4BBE3DA-6430-4E15-ADAE-04D7EEF26597}.Release|Any CPU.ActiveCfg = Release|Any CPU
		{C4BBE3DA-6430-4E15-ADAE-04D7EEF26597}.Release|Any CPU.Build.0 = Release|Any CPU
	EndGlobalSection
	GlobalSection(SolutionProperties) = preSolution
		HideSolutionNode = FALSE
	EndGlobalSection
EndGlobal
